
Microsoft Visual Studio Solution File, Format Version 12.00
# Visual Studio Version 16
VisualStudioVersion = 16.0.31515.178
MinimumVisualStudioVersion = 10.0.40219.1
Project("{FAE04EC0-301F-11D3-BF4B-00C04F79EFBC}") = "HerramientasProgramacionI", "HerramientasProgramacionI.csproj", "{28684652-1F45-407E-8971-C50CB081D988}"
EndProject
Global
	GlobalSection(SolutionConfigurationPlatforms) = preSolution
		Debug|Any CPU = Debug|Any CPU
		Release|Any CPU = Release|Any CPU
	EndGlobalSection
	GlobalSection(ProjectConfigurationPlatforms) = postSolution
		{28684652-1F45-407E-8971-C50CB081D988}.Debug|Any CPU.ActiveCfg = Debug|Any CPU
		{28684652-1F45-407E-8971-C50CB081D988}.Debug|Any CPU.Build.0 = Debug|Any CPU
		{28684652-1F45-407E-8971-C50CB081D988}.Release|Any CPU.ActiveCfg = Release|Any CPU
		{28684652-1F45-407E-8971-C50CB081D988}.Release|Any CPU.Build.0 = Release|Any CPU
	EndGlobalSection
	GlobalSection(SolutionProperties) = preSolution
		HideSolutionNode = FALSE
	EndGlobalSection
	GlobalSection(ExtensibilityGlobals) = postSolution
		SolutionGuid = {11B9D907-7914-4A51-A60E-423CE6CF7E33}
	EndGlobalSection
EndGlobal
